
Microsoft Visual Studio Solution File, Format Version 12.00
# Visual Studio 15
VisualStudioVersion = 15.0.28307.136
MinimumVisualStudioVersion = 10.0.40219.1
Project("{9A19103F-16F7-4668-BE54-9A1E7A4F7556}") = "AzureRateCardUpload", "AzureRateCardUpload\AzureRateCardUpload.csproj", "{0A79A657-3031-4ACD-96A2-2D95B1E36023}"
EndProject
Project("{9A19103F-16F7-4668-BE54-9A1E7A4F7556}") = "AzureRateCardUtils", "AzureRateCardUtils\AzureRateCardUtils.csproj", "{C897A9DE-3047-4ACC-BE2A-6ECB39C345C8}"
EndProject
Project("{9A19103F-16F7-4668-BE54-9A1E7A4F7556}") = "AzureWebCalculator", "AzureWebCalculator\AzureWebCalculator.csproj", "{C0B931C6-28FE-4942-9F95-1E827A80A865}"
EndProject
Project("{FAE04EC0-301F-11D3-BF4B-00C04F79EFBC}") = "AzureRateCardUpdateWebJob", "AzureRateCardUpdateWebJob\AzureRateCardUpdateWebJob.csproj", "{850AF30F-858C-41B3-8723-5E639EC37FA0}"
EndProject
Global
	GlobalSection(SolutionConfigurationPlatforms) = preSolution
		Debug|Any CPU = Debug|Any CPU
		Release|Any CPU = Release|Any CPU
	EndGlobalSection
	GlobalSection(ProjectConfigurationPlatforms) = postSolution
		{0A79A657-3031-4ACD-96A2-2D95B1E36023}.Debug|Any CPU.ActiveCfg = Debug|Any CPU
		{0A79A657-3031-4ACD-96A2-2D95B1E36023}.Debug|Any CPU.Build.0 = Debug|Any CPU
		{0A79A657-3031-4ACD-96A2-2D95B1E36023}.Release|Any CPU.ActiveCfg = Release|Any CPU
		{0A79A657-3031-4ACD-96A2-2D95B1E36023}.Release|Any CPU.Build.0 = Release|Any CPU
		{C897A9DE-3047-4ACC-BE2A-6ECB39C345C8}.Debug|Any CPU.ActiveCfg = Debug|Any CPU
		{C897A9DE-3047-4ACC-BE2A-6ECB39C345C8}.Debug|Any CPU.Build.0 = Debug|Any CPU
		{C897A9DE-3047-4ACC-BE2A-6ECB39C345C8}.Release|Any CPU.ActiveCfg = Release|Any CPU
		{C897A9DE-3047-4ACC-BE2A-6ECB39C345C8}.Release|Any CPU.Build.0 = Release|Any CPU
		{C0B931C6-28FE-4942-9F95-1E827A80A865}.Debug|Any CPU.ActiveCfg = Debug|Any CPU
		{C0B931C6-28FE-4942-9F95-1E827A80A865}.Debug|Any CPU.Build.0 = Debug|Any CPU
		{C0B931C6-28FE-4942-9F95-1E827A80A865}.Release|Any CPU.ActiveCfg = Release|Any CPU
		{C0B931C6-28FE-4942-9F95-1E827A80A865}.Release|Any CPU.Build.0 = Release|Any CPU
		{850AF30F-858C-41B3-8723-5E639EC37FA0}.Debug|Any CPU.ActiveCfg = Debug|Any CPU
		{850AF30F-858C-41B3-8723-5E639EC37FA0}.Debug|Any CPU.Build.0 = Debug|Any CPU
		{850AF30F-858C-41B3-8723-5E639EC37FA0}.Release|Any CPU.ActiveCfg = Release|Any CPU
		{850AF30F-858C-41B3-8723-5E639EC37FA0}.Release|Any CPU.Build.0 = Release|Any CPU
	EndGlobalSection
	GlobalSection(SolutionProperties) = preSolution
		HideSolutionNode = FALSE
	EndGlobalSection
	GlobalSection(ExtensibilityGlobals) = postSolution
		SolutionGuid = {638CE2A5-DB85-461D-B5E0-B9A359327C3D}
	EndGlobalSection
EndGlobal
